
Microsoft Visual Studio Solution File, Format Version 12.00
# Visual Studio Version 17
VisualStudioVersion = 17.3.32929.385
MinimumVisualStudioVersion = 10.0.40219.1
Project("{FAE04EC0-301F-11D3-BF4B-00C04F79EFBC}") = "PracticeProject1", "PracticeProject1.csproj", "{9D196EF5-1FBD-4C23-AD07-B7A4B7566FE7}"
EndProject
Global
	GlobalSection(SolutionConfigurationPlatforms) = preSolution
		Debug|Any CPU = Debug|Any CPU
		Release|Any CPU = Release|Any CPU
	EndGlobalSection
	GlobalSection(ProjectConfigurationPlatforms) = postSolution
		{9D196EF5-1FBD-4C23-AD07-B7A4B7566FE7}.Debug|Any CPU.ActiveCfg = Debug|Any CPU
		{9D196EF5-1FBD-4C23-AD07-B7A4B7566FE7}.Debug|Any CPU.Build.0 = Debug|Any CPU
		{9D196EF5-1FBD-4C23-AD07-B7A4B7566FE7}.Release|Any CPU.ActiveCfg = Release|Any CPU
		{9D196EF5-1FBD-4C23-AD07-B7A4B7566FE7}.Release|Any CPU.Build.0 = Release|Any CPU
	EndGlobalSection
	GlobalSection(SolutionProperties) = preSolution
		HideSolutionNode = FALSE
	EndGlobalSection
	GlobalSection(ExtensibilityGlobals) = postSolution
		SolutionGuid = {DEDA89F7-FE81-458E-A2B6-383A4385A8DC}
	EndGlobalSection
EndGlobal
