
Microsoft Visual Studio Solution File, Format Version 12.00
# Visual Studio Version 17
VisualStudioVersion = 17.3.32929.385
MinimumVisualStudioVersion = 10.0.40219.1
Project("{FAE04EC0-301F-11D3-BF4B-00C04F79EFBC}") = "ClassLibrary_Framework", "ClassLibrary_Framework.csproj", "{01FB65D3-BECE-43D2-A159-F53DC766B7B3}"
EndProject
Project("{9A19103F-16F7-4668-BE54-9A1E7A4F7556}") = "ClassLibrary_Standard", "..\ClassLibrary_Standard\ClassLibrary_Standard.csproj", "{741757AD-5868-40AD-94D5-C10125F024AD}"
EndProject
Project("{FAE04EC0-301F-11D3-BF4B-00C04F79EFBC}") = "WebApi_demo1", "..\WebApi_demo1\WebApi_demo1.csproj", "{A4502DBA-3C87-4A37-9422-4FFE87742016}"
EndProject
Project("{FAE04EC0-301F-11D3-BF4B-00C04F79EFBC}") = "WebApp_Framework", "..\WebApp_Framework\WebApp_Framework.csproj", "{90D3290B-6B59-4156-8686-2CDB53360B83}"
EndProject
Global
	GlobalSection(SolutionConfigurationPlatforms) = preSolution
		Debug|Any CPU = Debug|Any CPU
		Release|Any CPU = Release|Any CPU
	EndGlobalSection
	GlobalSection(ProjectConfigurationPlatforms) = postSolution
		{01FB65D3-BECE-43D2-A159-F53DC766B7B3}.Debug|Any CPU.ActiveCfg = Debug|Any CPU
		{01FB65D3-BECE-43D2-A159-F53DC766B7B3}.Debug|Any CPU.Build.0 = Debug|Any CPU
		{01FB65D3-BECE-43D2-A159-F53DC766B7B3}.Release|Any CPU.ActiveCfg = Release|Any CPU
		{01FB65D3-BECE-43D2-A159-F53DC766B7B3}.Release|Any CPU.Build.0 = Release|Any CPU
		{741757AD-5868-40AD-94D5-C10125F024AD}.Debug|Any CPU.ActiveCfg = Debug|Any CPU
		{741757AD-5868-40AD-94D5-C10125F024AD}.Debug|Any CPU.Build.0 = Debug|Any CPU
		{741757AD-5868-40AD-94D5-C10125F024AD}.Release|Any CPU.ActiveCfg = Release|Any CPU
		{741757AD-5868-40AD-94D5-C10125F024AD}.Release|Any CPU.Build.0 = Release|Any CPU
		{A4502DBA-3C87-4A37-9422-4FFE87742016}.Debug|Any CPU.ActiveCfg = Debug|Any CPU
		{A4502DBA-3C87-4A37-9422-4FFE87742016}.Debug|Any CPU.Build.0 = Debug|Any CPU
		{A4502DBA-3C87-4A37-9422-4FFE87742016}.Release|Any CPU.ActiveCfg = Release|Any CPU
		{A4502DBA-3C87-4A37-9422-4FFE87742016}.Release|Any CPU.Build.0 = Release|Any CPU
		{90D3290B-6B59-4156-8686-2CDB53360B83}.Debug|Any CPU.ActiveCfg = Debug|Any CPU
		{90D3290B-6B59-4156-8686-2CDB53360B83}.Debug|Any CPU.Build.0 = Debug|Any CPU
		{90D3290B-6B59-4156-8686-2CDB53360B83}.Release|Any CPU.ActiveCfg = Release|Any CPU
		{90D3290B-6B59-4156-8686-2CDB53360B83}.Release|Any CPU.Build.0 = Release|Any CPU
	EndGlobalSection
	GlobalSection(SolutionProperties) = preSolution
		HideSolutionNode = FALSE
	EndGlobalSection
	GlobalSection(ExtensibilityGlobals) = postSolution
		SolutionGuid = {1A7AD4D2-B633-472F-B957-419A13395075}
	EndGlobalSection
EndGlobal
