
Microsoft Visual Studio Solution File, Format Version 12.00
# Visual Studio Version 17
VisualStudioVersion = 17.3.32929.385
MinimumVisualStudioVersion = 10.0.40219.1
Project("{9A19103F-16F7-4668-BE54-9A1E7A4F7556}") = "PracticeProject2", "PracticeProject2.csproj", "{0CD43F8B-FDDB-4382-B385-4769011B81CC}"
EndProject
Project("{2150E333-8FDC-42A3-9474-1A3956D46DE8}") = "Solution Items", "Solution Items", "{FA3E9C7A-9FB3-4D3D-91D6-B21077B82058}"
	ProjectSection(SolutionItems) = preProject
		Nullreference.cs = Nullreference.cs
	EndProjectSection
EndProject
Global
	GlobalSection(SolutionConfigurationPlatforms) = preSolution
		Debug|Any CPU = Debug|Any CPU
		Release|Any CPU = Release|Any CPU
	EndGlobalSection
	GlobalSection(ProjectConfigurationPlatforms) = postSolution
		{0CD43F8B-FDDB-4382-B385-4769011B81CC}.Debug|Any CPU.ActiveCfg = Debug|Any CPU
		{0CD43F8B-FDDB-4382-B385-4769011B81CC}.Debug|Any CPU.Build.0 = Debug|Any CPU
		{0CD43F8B-FDDB-4382-B385-4769011B81CC}.Release|Any CPU.ActiveCfg = Release|Any CPU
		{0CD43F8B-FDDB-4382-B385-4769011B81CC}.Release|Any CPU.Build.0 = Release|Any CPU
	EndGlobalSection
	GlobalSection(SolutionProperties) = preSolution
		HideSolutionNode = FALSE
	EndGlobalSection
	GlobalSection(ExtensibilityGlobals) = postSolution
		SolutionGuid = {4306EF8D-18E8-4C06-A0B1-D9FD499F78BD}
	EndGlobalSection
EndGlobal
